// !$*UTF8*$!
{
	archiveVersion = 1;
	classes = {
	};
	objectVersion = 50;
	objects = {

/* Begin PBXBuildFile section */
		9859D73620BDC36D001FA035 /* Meme.swift in Sources */ = {isa = PBXBuildFile; fileRef = 9859D73520BDC36D001FA035 /* Meme.swift */; };
		9859D73820BDC8DF001FA035 /* SentMemesCollectionViewController.swift in Sources */ = {isa = PBXBuildFile; fileRef = 9859D73720BDC8DF001FA035 /* SentMemesCollectionViewController.swift */; };
		9859D73A20BDD1A8001FA035 /* MemeDetailViewController.swift in Sources */ = {isa = PBXBuildFile; fileRef = 9859D73920BDD1A8001FA035 /* MemeDetailViewController.swift */; };
		9859D73F20BDFA41001FA035 /* SentMemesTableViewController.swift in Sources */ = {isa = PBXBuildFile; fileRef = 9859D73E20BDFA41001FA035 /* SentMemesTableViewController.swift */; };
		9859D74120BEEF7A001FA035 /* MemeCollectionViewCell.swift in Sources */ = {isa = PBXBuildFile; fileRef = 9859D74020BEEF7A001FA035 /* MemeCollectionViewCell.swift */; };
		9874CB8820ACA6A400551D37 /* AppDelegate.swift in Sources */ = {isa = PBXBuildFile; fileRef = 9874CB8720ACA6A400551D37 /* AppDelegate.swift */; };
		9874CB8D20ACA6A400551D37 /* Main.storyboard in Resources */ = {isa = PBXBuildFile; fileRef = 9874CB8B20ACA6A400551D37 /* Main.storyboard */; };
		9874CB8F20ACA6A600551D37 /* Assets.xcassets in Resources */ = {isa = PBXBuildFile; fileRef = 9874CB8E20ACA6A600551D37 /* Assets.xcassets */; };
		9874CB9220ACA6A600551D37 /* LaunchScreen.storyboard in Resources */ = {isa = PBXBuildFile; fileRef = 9874CB9020ACA6A600551D37 /* LaunchScreen.storyboard */; };
		98D00EE120ACAE1400CE0815 /* MemeEditorViewController.swift in Sources */ = {isa = PBXBuildFile; fileRef = 98D00EE020ACAE1400CE0815 /* MemeEditorViewController.swift */; };
/* End PBXBuildFile section */

/* Begin PBXFileReference section */
		9859D73520BDC36D001FA035 /* Meme.swift */ = {isa = PBXFileReference; lastKnownFileType = sourcecode.swift; path = Meme.swift; sourceTree = "<group>"; };
		9859D73720BDC8DF001FA035 /* SentMemesCollectionViewController.swift */ = {isa = PBXFileReference; lastKnownFileType = sourcecode.swift; path = SentMemesCollectionViewController.swift; sourceTree = "<group>"; };
		9859D73920BDD1A8001FA035 /* MemeDetailViewController.swift */ = {isa = PBXFileReference; lastKnownFileType = sourcecode.swift; path = MemeDetailViewController.swift; sourceTree = "<group>"; };
		9859D73E20BDFA41001FA035 /* SentMemesTableViewController.swift */ = {isa = PBXFileReference; lastKnownFileType = sourcecode.swift; path = SentMemesTableViewController.swift; sourceTree = "<group>"; };
		9859D74020BEEF7A001FA035 /* MemeCollectionViewCell.swift */ = {isa = PBXFileReference; lastKnownFileType = sourcecode.swift; path = MemeCollectionViewCell.swift; sourceTree = "<group>"; };
		9874CB8420ACA6A400551D37 /* MemeMe2.0.app */ = {isa = PBXFileReference; explicitFileType = wrapper.application; includeInIndex = 0; path = MemeMe2.0.app; sourceTree = BUILT_PRODUCTS_DIR; };
		9874CB8720ACA6A400551D37 /* AppDelegate.swift */ = {isa = PBXFileReference; lastKnownFileType = sourcecode.swift; path = AppDelegate.swift; sourceTree = "<group>"; };
		9874CB8C20ACA6A400551D37 /* Base */ = {isa = PBXFileReference; lastKnownFileType = file.storyboard; name = Base; path = Base.lproj/Main.storyboard; sourceTree = "<group>"; };
		9874CB8E20ACA6A600551D37 /* Assets.xcassets */ = {isa = PBXFileReference; lastKnownFileType = folder.assetcatalog; path = Assets.xcassets; sourceTree = "<group>"; };
		9874CB9120ACA6A600551D37 /* Base */ = {isa = PBXFileReference; lastKnownFileType = file.storyboard; name = Base; path = Base.lproj/LaunchScreen.storyboard; sourceTree = "<group>"; };
		9874CB9320ACA6A600551D37 /* Info.plist */ = {isa = PBXFileReference; lastKnownFileType = text.plist.xml; path = Info.plist; sourceTree = "<group>"; };
		98D00EE020ACAE1400CE0815 /* MemeEditorViewController.swift */ = {isa = PBXFileReference; fileEncoding = 4; lastKnownFileType = sourcecode.swift; path = MemeEditorViewController.swift; sourceTree = "<group>"; };
/* End PBXFileReference section */

/* Begin PBXFrameworksBuildPhase section */
		9874CB8120ACA6A400551D37 /* Frameworks */ = {
			isa = PBXFrameworksBuildPhase;
			buildActionMask = 2147483647;
			files = (
			);
			runOnlyForDeploymentPostprocessing = 0;
		};
/* End PBXFrameworksBuildPhase section */

/* Begin PBXGroup section */
		9859D73D20BDF85D001FA035 /* ViewControllers */ = {
			isa = PBXGroup;
			children = (
				9859D73720BDC8DF001FA035 /* SentMemesCollectionViewController.swift */,
				9859D74020BEEF7A001FA035 /* MemeCollectionViewCell.swift */,
				9859D73E20BDFA41001FA035 /* SentMemesTableViewController.swift */,
				98D00EE020ACAE1400CE0815 /* MemeEditorViewController.swift */,
				9859D73920BDD1A8001FA035 /* MemeDetailViewController.swift */,
			);
			path = ViewControllers;
			sourceTree = "<group>";
		};
		9874CB7B20ACA6A300551D37 = {
			isa = PBXGroup;
			children = (
				9874CB8620ACA6A400551D37 /* MemeMe2.0 */,
				9874CB8520ACA6A400551D37 /* Products */,
			);
			sourceTree = "<group>";
		};
		9874CB8520ACA6A400551D37 /* Products */ = {
			isa = PBXGroup;
			children = (
				9874CB8420ACA6A400551D37 /* MemeMe2.0.app */,
			);
			name = Products;
			sourceTree = "<group>";
		};
		9874CB8620ACA6A400551D37 /* MemeMe2.0 */ = {
			isa = PBXGroup;
			children = (
				9874CB8720ACA6A400551D37 /* AppDelegate.swift */,
				9859D73520BDC36D001FA035 /* Meme.swift */,
				9859D73D20BDF85D001FA035 /* ViewControllers */,
				9874CB8B20ACA6A400551D37 /* Main.storyboard */,
				9874CB8E20ACA6A600551D37 /* Assets.xcassets */,
				9874CB9020ACA6A600551D37 /* LaunchScreen.storyboard */,
				9874CB9320ACA6A600551D37 /* Info.plist */,
			);
			path = MemeMe2.0;
			sourceTree = "<group>";
		};
/* End PBXGroup section */

/* Begin PBXNativeTarget section */
		9874CB8320ACA6A400551D37 /* MemeMe2.0 */ = {
			isa = PBXNativeTarget;
			buildConfigurationList = 9874CB9620ACA6A600551D37 /* Build configuration list for PBXNativeTarget "MemeMe2.0" */;
			buildPhases = (
				9874CB8020ACA6A400551D37 /* Sources */,
				9874CB8120ACA6A400551D37 /* Frameworks */,
				9874CB8220ACA6A400551D37 /* Resources */,
			);
			buildRules = (
			);
			dependencies = (
			);
			name = MemeMe2.0;
			productName = MemeMe2.0;
			productReference = 9874CB8420ACA6A400551D37 /* MemeMe2.0.app */;
			productType = "com.apple.product-type.application";
		};
/* End PBXNativeTarget section */

/* Begin PBXProject section */
		9874CB7C20ACA6A300551D37 /* Project object */ = {
			isa = PBXProject;
			attributes = {
				LastSwiftUpdateCheck = 0930;
				LastUpgradeCheck = 0930;
				ORGANIZATIONNAME = "Kim Lyndon";
				TargetAttributes = {
					9874CB8320ACA6A400551D37 = {
						CreatedOnToolsVersion = 9.3.1;
					};
				};
			};
			buildConfigurationList = 9874CB7F20ACA6A300551D37 /* Build configuration list for PBXProject "MemeMe2.0" */;
			compatibilityVersion = "Xcode 9.3";
			developmentRegion = en;
			hasScannedForEncodings = 0;
			knownRegions = (
				en,
				Base,
			);
			mainGroup = 9874CB7B20ACA6A300551D37;
			productRefGroup = 9874CB8520ACA6A400551D37 /* Products */;
			projectDirPath = "";
			projectRoot = "";
			targets = (
				9874CB8320ACA6A400551D37 /* MemeMe2.0 */,
			);
		};
/* End PBXProject section */

/* Begin PBXResourcesBuildPhase section */
		9874CB8220ACA6A400551D37 /* Resources */ = {
			isa = PBXResourcesBuildPhase;
			buildActionMask = 2147483647;
			files = (
				9874CB9220ACA6A600551D37 /* LaunchScreen.storyboard in Resources */,
				9874CB8F20ACA6A600551D37 /* Assets.xcassets in Resources */,
				9874CB8D20ACA6A400551D37 /* Main.storyboard in Resources */,
			);
			runOnlyForDeploymentPostprocessing = 0;
		};
/* End PBXResourcesBuildPhase section */

/* Begin PBXSourcesBuildPhase section */
		9874CB8020ACA6A400551D37 /* Sources */ = {
			isa = PBXSourcesBuildPhase;
			buildActionMask = 2147483647;
			files = (
				9859D73620BDC36D001FA035 /* Meme.swift in Sources */,
				9859D73F20BDFA41001FA035 /* SentMemesTableViewController.swift in Sources */,
				98D00EE120ACAE1400CE0815 /* MemeEditorViewController.swift in Sources */,
				9859D73820BDC8DF001FA035 /* SentMemesCollectionViewController.swift in Sources */,
				9859D74120BEEF7A001FA035 /* MemeCollectionViewCell.swift in Sources */,
				9874CB8820ACA6A400551D37 /* AppDelegate.swift in Sources */,
				9859D73A20BDD1A8001FA035 /* MemeDetailViewController.swift in Sources */,
			);
			runOnlyForDeploymentPostprocessing = 0;
		};
/* End PBXSourcesBuildPhase section */

/* Begin PBXVariantGroup section */
		9874CB8B20ACA6A400551D37 /* Main.storyboard */ = {
			isa = PBXVariantGroup;
			children = (
				9874CB8C20ACA6A400551D37 /* Base */,
			);
			name = Main.storyboard;
			sourceTree = "<group>";
		};
		9874CB9020ACA6A600551D37 /* LaunchScreen.storyboard */ = {
			isa = PBXVariantGroup;
			children = (
				9874CB9120ACA6A600551D37 /* Base */,
			);
			name = LaunchScreen.storyboard;
			sourceTree = "<group>";
		};
/* End PBXVariantGroup section */

/* Begin XCBuildConfiguration section */
		9874CB9420ACA6A600551D37 /* Debug */ = {
			isa = XCBuildConfiguration;
			buildSettings = {
				ALWAYS_SEARCH_USER_PATHS = NO;
				CLANG_ANALYZER_NONNULL = YES;
				CLANG_ANALYZER_NUMBER_OBJECT_CONVERSION = YES_AGGRESSIVE;
				CLANG_CXX_LANGUAGE_STANDARD = "gnu++14";
				CLANG_CXX_LIBRARY = "libc++";
				CLANG_ENABLE_MODULES = YES;
				CLANG_ENABLE_OBJC_ARC = YES;
				CLANG_ENABLE_OBJC_WEAK = YES;
				CLANG_WARN_BLOCK_CAPTURE_AUTORELEASING = YES;
				CLANG_WARN_BOOL_CONVERSION = YES;
				CLANG_WARN_COMMA = YES;
				CLANG_WARN_CONSTANT_CONVERSION = YES;
				CLANG_WARN_DEPRECATED_OBJC_IMPLEMENTATIONS = YES;
				CLANG_WARN_DIRECT_OBJC_ISA_USAGE = YES_ERROR;
				CLANG_WARN_DOCUMENTATION_COMMENTS = YES;
				CLANG_WARN_EMPTY_BODY = YES;
				CLANG_WARN_ENUM_CONVERSION = YES;
				CLANG_WARN_INFINITE_RECURSION = YES;
				CLANG_WARN_INT_CONVERSION = YES;
				CLANG_WARN_NON_LITERAL_NULL_CONVERSION = YES;
				CLANG_WARN_OBJC_IMPLICIT_RETAIN_SELF = YES;
				CLANG_WARN_OBJC_LITERAL_CONVERSION = YES;
				CLANG_WARN_OBJC_ROOT_CLASS = YES_ERROR;
				CLANG_WARN_RANGE_LOOP_ANALYSIS = YES;
				CLANG_WARN_STRICT_PROTOTYPES = YES;
				CLANG_WARN_SUSPICIOUS_MOVE = YES;
				CLANG_WARN_UNGUARDED_AVAILABILITY = YES_AGGRESSIVE;
				CLANG_WARN_UNREACHABLE_CODE = YES;
				CLANG_WARN__DUPLICATE_METHOD_MATCH = YES;
				CODE_SIGN_IDENTITY = "iPhone Developer";
				COPY_PHASE_STRIP = NO;
				DEBUG_INFORMATION_FORMAT = dwarf;
				ENABLE_STRICT_OBJC_MSGSEND = YES;
				ENABLE_TESTABILITY = YES;
				GCC_C_LANGUAGE_STANDARD = gnu11;
				GCC_DYNAMIC_NO_PIC = NO;
				GCC_NO_COMMON_BLOCKS = YES;
				GCC_OPTIMIZATION_LEVEL = 0;
				GCC_PREPROCESSOR_DEFINITIONS = (
					"DEBUG=1",
					"$(inherited)",
				);
				GCC_WARN_64_TO_32_BIT_CONVERSION = YES;
				GCC_WARN_ABOUT_RETURN_TYPE = YES_ERROR;
				GCC_WARN_UNDECLARED_SELECTOR = YES;
				GCC_WARN_UNINITIALIZED_AUTOS = YES_AGGRESSIVE;
				GCC_WARN_UNUSED_FUNCTION = YES;
				GCC_WARN_UNUSED_VARIABLE = YES;
				IPHONEOS_DEPLOYMENT_TARGET = 11.3;
				MTL_ENABLE_DEBUG_INFO = YES;
				ONLY_ACTIVE_ARCH = YES;
				SDKROOT = iphoneos;
				SWIFT_ACTIVE_COMPILATION_CONDITIONS = DEBUG;
				SWIFT_OPTIMIZATION_LEVEL = "-Onone";
			};
			name = Debug;
		};
		9874CB9520ACA6A600551D37 /* Release */ = {
			isa = XCBuildConfiguration;
			buildSettings = {
				ALWAYS_SEARCH_USER_PATHS = NO;
				CLANG_ANALYZER_NONNULL = YES;
				CLANG_ANALYZER_NUMBER_OBJECT_CONVERSION = YES_AGGRESSIVE;
				CLANG_CXX_LANGUAGE_STANDARD = "gnu++14";
				CLANG_CXX_LIBRARY = "libc++";
				CLANG_ENABLE_MODULES = YES;
				CLANG_ENABLE_OBJC_ARC = YES;
				CLANG_ENABLE_OBJC_WEAK = YES;
				CLANG_WARN_BLOCK_CAPTURE_AUTORELEASING = YES;
				CLANG_WARN_BOOL_CONVERSION = YES;
				CLANG_WARN_COMMA = YES;
				CLANG_WARN_CONSTANT_CONVERSION = YES;
				CLANG_WARN_DEPRECATED_OBJC_IMPLEMENTATIONS = YES;
				CLANG_WARN_DIRECT_OBJC_ISA_USAGE = YES_ERROR;
				CLANG_WARN_DOCUMENTATION_COMMENTS = YES;
				CLANG_WARN_EMPTY_BODY = YES;
				CLANG_WARN_ENUM_CONVERSION = YES;
				CLANG_WARN_INFINITE_RECURSION = YES;
				CLANG_WARN_INT_CONVERSION = YES;
				CLANG_WARN_NON_LITERAL_NULL_CONVERSION = YES;
				CLANG_WARN_OBJC_IMPLICIT_RETAIN_SELF = YES;
				CLANG_WARN_OBJC_LITERAL_CONVERSION = YES;
				CLANG_WARN_OBJC_ROOT_CLASS = YES_ERROR;
				CLANG_WARN_RANGE_LOOP_ANALYSIS = YES;
				CLANG_WARN_STRICT_PROTOTYPES = YES;
				CLANG_WARN_SUSPICIOUS_MOVE = YES;
				CLANG_WARN_UNGUARDED_AVAILABILITY = YES_AGGRESSIVE;
				CLANG_WARN_UNREACHABLE_CODE = YES;
				CLANG_WARN__DUPLICATE_METHOD_MATCH = YES;
				CODE_SIGN_IDENTITY = "iPhone Developer";
				COPY_PHASE_STRIP = NO;
				DEBUG_INFORMATION_FORMAT = "dwarf-with-dsym";
				ENABLE_NS_ASSERTIONS = NO;
				ENABLE_STRICT_OBJC_MSGSEND = YES;
				GCC_C_LANGUAGE_STANDARD = gnu11;
				GCC_NO_COMMON_BLOCKS = YES;
				GCC_WARN_64_TO_32_BIT_CONVERSION = YES;
				GCC_WARN_ABOUT_RETURN_TYPE = YES_ERROR;
				GCC_WARN_UNDECLARED_SELECTOR = YES;
				GCC_WARN_UNINITIALIZED_AUTOS = YES_AGGRESSIVE;
				GCC_WARN_UNUSED_FUNCTION = YES;
				GCC_WARN_UNUSED_VARIABLE = YES;
				IPHONEOS_DEPLOYMENT_TARGET = 11.3;
				MTL_ENABLE_DEBUG_INFO = NO;
				SDKROOT = iphoneos;
				SWIFT_COMPILATION_MODE = wholemodule;
				SWIFT_OPTIMIZATION_LEVEL = "-O";
				VALIDATE_PRODUCT = YES;
			};
			name = Release;
		};
		9874CB9720ACA6A600551D37 /* Debug */ = {
			isa = XCBuildConfiguration;
			buildSettings = {
				ASSETCATALOG_COMPILER_APPICON_NAME = AppIcon;
				CODE_SIGN_STYLE = Automatic;
				DEVELOPMENT_TEAM = 87T6RG3PX5;
				INFOPLIST_FILE = MemeMe2.0/Info.plist;
				LD_RUNPATH_SEARCH_PATHS = (
					"$(inherited)",
					"@executable_path/Frameworks",
				);
				PRODUCT_BUNDLE_IDENTIFIER = "com.KimLyndon.MemeMe2-0";
				PRODUCT_NAME = "$(TARGET_NAME)";
				SWIFT_VERSION = 4.0;
				TARGETED_DEVICE_FAMILY = "1,2";
			};
			name = Debug;
		};
		9874CB9820ACA6A600551D37 /* Release */ = {
			isa = XCBuildConfiguration;
			buildSettings = {
				ASSETCATALOG_COMPILER_APPICON_NAME = AppIcon;
				CODE_SIGN_STYLE = Automatic;
				DEVELOPMENT_TEAM = 87T6RG3PX5;
				INFOPLIST_FILE = MemeMe2.0/Info.plist;
				LD_RUNPATH_SEARCH_PATHS = (
					"$(inherited)",
					"@executable_path/Frameworks",
				);
				PRODUCT_BUNDLE_IDENTIFIER = "com.KimLyndon.MemeMe2-0";
				PRODUCT_NAME = "$(TARGET_NAME)";
				SWIFT_VERSION = 4.0;
				TARGETED_DEVICE_FAMILY = "1,2";
			};
			name = Release;
		};
/* End XCBuildConfiguration section */

/* Begin XCConfigurationList section */
		9874CB7F20ACA6A300551D37 /* Build configuration list for PBXProject "MemeMe2.0" */ = {
			isa = XCConfigurationList;
			buildConfigurations = (
				9874CB9420ACA6A600551D37 /* Debug */,
				9874CB9520ACA6A600551D37 /* Release */,
			);
			defaultConfigurationIsVisible = 0;
			defaultConfigurationName = Release;
		};
		9874CB9620ACA6A600551D37 /* Build configuration list for PBXNativeTarget "MemeMe2.0" */ = {
			isa = XCConfigurationList;
			buildConfigurations = (
				9874CB9720ACA6A600551D37 /* Debug */,
				9874CB9820ACA6A600551D37 /* Release */,
			);
			defaultConfigurationIsVisible = 0;
			defaultConfigurationName = Release;
		};
/* End XCConfigurationList section */
	};
	rootObject = 9874CB7C20ACA6A300551D37 /* Project object */;
}
